version = 1
requires-python = ">=3.12"

[[package]]
name = "anyio"
version = "4.6.2.post1"
source = { registry = "https://pypi.org/simple" }
dependencies = [
    { name = "idna" },
    { name = "sniffio" },
]
sdist = { url = "https://files.pythonhosted.org/packages/9f/09/45b9b7a6d4e45c6bcb5bf61d19e3ab87df68e0601fa8c5293de3542546cc/anyio-4.6.2.post1.tar.gz", hash = "sha256:4c8bc31ccdb51c7f7bd251f51c609e038d63e34219b44aa86e47576389880b4c", size = 173422 }
wheels = [
    { url = "https://files.pythonhosted.org/packages/e4/f5/f2b75d2fc6f1a260f340f0e7c6a060f4dd2961cc16884ed851b0d18da06a/anyio-4.6.2.post1-py3-none-any.whl", hash = "sha256:6d170c36fba3bdd840c73d3868c1e777e33676a69c3a72cf0a0d5d6d8009b61d", size = 90377 },
]

[[package]]
name = "certifi"
version = "2024.8.30"
source = { registry = "https://pypi.org/simple" }
sdist = { url = "https://files.pythonhosted.org/packages/b0/ee/9b19140fe824b367c04c5e1b369942dd754c4c5462d5674002f75c4dedc1/certifi-2024.8.30.tar.gz", hash = "sha256:bec941d2aa8195e248a60b31ff9f0558284cf01a52591ceda73ea9afffd69fd9", size = 168507 }
wheels = [
    { url = "https://files.pythonhosted.org/packages/12/90/3c9ff0512038035f59d279fddeb79f5f1eccd8859f06d6163c58798b9487/certifi-2024.8.30-py3-none-any.whl", hash = "sha256:922820b53db7a7257ffbda3f597266d435245903d80737e34f8a45ff3e3230d8", size = 167321 },
]

[[package]]
name = "gitdb"
version = "4.0.11"
source = { registry = "https://pypi.org/simple" }
dependencies = [
    { name = "smmap" },
]
sdist = { url = "https://files.pythonhosted.org/packages/19/0d/bbb5b5ee188dec84647a4664f3e11b06ade2bde568dbd489d9d64adef8ed/gitdb-4.0.11.tar.gz", hash = "sha256:bf5421126136d6d0af55bc1e7c1af1c397a34f5b7bd79e776cd3e89785c2b04b", size = 394469 }
wheels = [
    { url = "https://files.pythonhosted.org/packages/fd/5b/8f0c4a5bb9fd491c277c21eff7ccae71b47d43c4446c9d0c6cff2fe8c2c4/gitdb-4.0.11-py3-none-any.whl", hash = "sha256:81a3407ddd2ee8df444cbacea00e2d038e40150acfa3001696fe0dcf1d3adfa4", size = 62721 },
]

[[package]]
name = "gitpython"
version = "3.1.43"
source = { registry = "https://pypi.org/simple" }
dependencies = [
    { name = "gitdb" },
]
sdist = { url = "https://files.pythonhosted.org/packages/b6/a1/106fd9fa2dd989b6fb36e5893961f82992cf676381707253e0bf93eb1662/GitPython-3.1.43.tar.gz", hash = "sha256:35f314a9f878467f5453cc1fee295c3e18e52f1b99f10f6cf5b1682e968a9e7c", size = 214149 }
wheels = [
    { url = "https://files.pythonhosted.org/packages/e9/bd/cc3a402a6439c15c3d4294333e13042b915bbeab54edc457c723931fed3f/GitPython-3.1.43-py3-none-any.whl", hash = "sha256:eec7ec56b92aad751f9912a73404bc02ba212a23adb2c7098ee668417051a1ff", size = 207337 },
]

[[package]]
name = "h11"
version = "0.14.0"
source = { registry = "https://pypi.org/simple" }
sdist = { url = "https://files.pythonhosted.org/packages/f5/38/3af3d3633a34a3316095b39c8e8fb4853a28a536e55d347bd8d8e9a14b03/h11-0.14.0.tar.gz", hash = "sha256:8f19fbbe99e72420ff35c00b27a34cb9937e902a8b810e2c88300c6f0a3b699d", size = 100418 }
wheels = [
    { url = "https://files.pythonhosted.org/packages/95/04/ff642e65ad6b90db43e668d70ffb6736436c7ce41fcc549f4e9472234127/h11-0.14.0-py3-none-any.whl", hash = "sha256:e3fe4ac4b851c468cc8363d500db52c2ead036020723024a109d37346efaa761", size = 58259 },
]

[[package]]
name = "httpcore"
version = "1.0.6"
source = { registry = "https://pypi.org/simple" }
dependencies = [
    { name = "certifi" },
    { name = "h11" },
]
sdist = { url = "https://files.pythonhosted.org/packages/b6/44/ed0fa6a17845fb033bd885c03e842f08c1b9406c86a2e60ac1ae1b9206a6/httpcore-1.0.6.tar.gz", hash = "sha256:73f6dbd6eb8c21bbf7ef8efad555481853f5f6acdeaff1edb0694289269ee17f", size = 85180 }
wheels = [
    { url = "https://files.pythonhosted.org/packages/06/89/b161908e2f51be56568184aeb4a880fd287178d176fd1c860d2217f41106/httpcore-1.0.6-py3-none-any.whl", hash = "sha256:27b59625743b85577a8c0e10e55b50b5368a4f2cfe8cc7bcfa9cf00829c2682f", size = 78011 },
]

[[package]]
name = "httpx"
version = "0.27.2"
source = { registry = "https://pypi.org/simple" }
dependencies = [
    { name = "anyio" },
    { name = "certifi" },
    { name = "httpcore" },
    { name = "idna" },
    { name = "sniffio" },
]
sdist = { url = "https://files.pythonhosted.org/packages/78/82/08f8c936781f67d9e6b9eeb8a0c8b4e406136ea4c3d1f89a5db71d42e0e6/httpx-0.27.2.tar.gz", hash = "sha256:f7c2be1d2f3c3c3160d441802406b206c2b76f5947b11115e6df10c6c65e66c2", size = 144189 }
wheels = [
    { url = "https://files.pythonhosted.org/packages/56/95/9377bcb415797e44274b51d46e3249eba641711cf3348050f76ee7b15ffc/httpx-0.27.2-py3-none-any.whl", hash = "sha256:7bb2708e112d8fdd7829cd4243970f0c223274051cb35ee80c03301ee29a3df0", size = 76395 },
]

[[package]]
name = "httpx-utils"
version = "0.1.0"
source = { editable = "." }
dependencies = [
    { name = "httpx" },
]

[package.dev-dependencies]
dev = [
    { name = "gitpython" },
    { name = "msgspec" },
    { name = "pyyaml" },
    { name = "ruff" },
    { name = "tomli-w" },
]

[package.metadata]
requires-dist = [{ name = "httpx", specifier = ">=0.27.2" }]

[package.metadata.requires-dev]
dev = [
    { name = "gitpython", specifier = ">=3.1.43" },
    { name = "msgspec", specifier = ">=0.18.6" },
    { name = "pyyaml", specifier = ">=6.0.2" },
    { name = "ruff", specifier = ">=0.7.0" },
    { name = "tomli-w", specifier = ">=1.1.0" },
]

[[package]]
name = "idna"
version = "3.10"
source = { registry = "https://pypi.org/simple" }
sdist = { url = "https://files.pythonhosted.org/packages/f1/70/7703c29685631f5a7590aa73f1f1d3fa9a380e654b86af429e0934a32f7d/idna-3.10.tar.gz", hash = "sha256:12f65c9b470abda6dc35cf8e63cc574b1c52b11df2c86030af0ac09b01b13ea9", size = 190490 }
wheels = [
    { url = "https://files.pythonhosted.org/packages/76/c6/c88e154df9c4e1a2a66ccf0005a88dfb2650c1dffb6f5ce603dfbd452ce3/idna-3.10-py3-none-any.whl", hash = "sha256:946d195a0d259cbba61165e88e65941f16e9b36ea6ddb97f00452bae8b1287d3", size = 70442 },
]

[[package]]
name = "msgspec"
version = "0.18.6"
source = { registry = "https://pypi.org/simple" }
sdist = { url = "https://files.pythonhosted.org/packages/5e/fb/42b1865063fddb14dbcbb6e74e0a366ecf1ba371c4948664dde0b0e10f95/msgspec-0.18.6.tar.gz", hash = "sha256:a59fc3b4fcdb972d09138cb516dbde600c99d07c38fd9372a6ef500d2d031b4e", size = 216757 }
wheels = [
    { url = "https://files.pythonhosted.org/packages/1d/b5/c8fbf1db814eb29eda402952374b594b2559419ba7ec6d0997a9e5687530/msgspec-0.18.6-cp312-cp312-macosx_10_9_x86_64.whl", hash = "sha256:d86f5071fe33e19500920333c11e2267a31942d18fed4d9de5bc2fbab267d28c", size = 202109 },
    { url = "https://files.pythonhosted.org/packages/d7/9a/235d2dbab078a0b8e6f338205dc59be0b027ce000554ee6a9c41b19339e5/msgspec-0.18.6-cp312-cp312-macosx_11_0_arm64.whl", hash = "sha256:ce13981bfa06f5eb126a3a5a38b1976bddb49a36e4f46d8e6edecf33ccf11df1", size = 190281 },
    { url = "https://files.pythonhosted.org/packages/0e/f2/f864ed36a8a62c26b57c3e08d212bd8f3d12a3ca3ef64600be5452aa3c82/msgspec-0.18.6-cp312-cp312-manylinux_2_17_aarch64.manylinux2014_aarch64.whl", hash = "sha256:e97dec6932ad5e3ee1e3c14718638ba333befc45e0661caa57033cd4cc489466", size = 210305 },
    { url = "https://files.pythonhosted.org/packages/73/16/dfef780ced7d690dd5497846ed242ef3e27e319d59d1ddaae816a4f2c15e/msgspec-0.18.6-cp312-cp312-manylinux_2_17_x86_64.manylinux2014_x86_64.whl", hash = "sha256:ad237100393f637b297926cae1868b0d500f764ccd2f0623a380e2bcfb2809ca", size = 212510 },
    { url = "https://files.pythonhosted.org/packages/c1/90/f5b3a788c4b3d92190e3345d1afa3dd107d5f16b8194e1f61b72582ee9bd/msgspec-0.18.6-cp312-cp312-musllinux_1_1_aarch64.whl", hash = "sha256:db1d8626748fa5d29bbd15da58b2d73af25b10aa98abf85aab8028119188ed57", size = 214844 },
    { url = "https://files.pythonhosted.org/packages/ce/0b/d4cc1b09f8dfcc6cc4cc9739c13a86e093fe70257b941ea9feb15df22996/msgspec-0.18.6-cp312-cp312-musllinux_1_1_x86_64.whl", hash = "sha256:d70cb3d00d9f4de14d0b31d38dfe60c88ae16f3182988246a9861259c6722af6", size = 217113 },
    { url = "https://files.pythonhosted.org/packages/3f/76/30d8f152299f65c85c46a2cbeaf95ad1d18516b5ce730acdaef696d4cfe6/msgspec-0.18.6-cp312-cp312-win_amd64.whl", hash = "sha256:1003c20bfe9c6114cc16ea5db9c5466e49fae3d7f5e2e59cb70693190ad34da0", size = 187184 },
]

[[package]]
name = "pyyaml"
version = "6.0.2"
source = { registry = "https://pypi.org/simple" }
sdist = { url = "https://files.pythonhosted.org/packages/54/ed/79a089b6be93607fa5cdaedf301d7dfb23af5f25c398d5ead2525b063e17/pyyaml-6.0.2.tar.gz", hash = "sha256:d584d9ec91ad65861cc08d42e834324ef890a082e591037abe114850ff7bbc3e", size = 130631 }
wheels = [
    { url = "https://files.pythonhosted.org/packages/86/0c/c581167fc46d6d6d7ddcfb8c843a4de25bdd27e4466938109ca68492292c/PyYAML-6.0.2-cp312-cp312-macosx_10_9_x86_64.whl", hash = "sha256:c70c95198c015b85feafc136515252a261a84561b7b1d51e3384e0655ddf25ab", size = 183873 },
    { url = "https://files.pythonhosted.org/packages/a8/0c/38374f5bb272c051e2a69281d71cba6fdb983413e6758b84482905e29a5d/PyYAML-6.0.2-cp312-cp312-macosx_11_0_arm64.whl", hash = "sha256:ce826d6ef20b1bc864f0a68340c8b3287705cae2f8b4b1d932177dcc76721725", size = 173302 },
    { url = "https://files.pythonhosted.org/packages/c3/93/9916574aa8c00aa06bbac729972eb1071d002b8e158bd0e83a3b9a20a1f7/PyYAML-6.0.2-cp312-cp312-manylinux_2_17_aarch64.manylinux2014_aarch64.whl", hash = "sha256:1f71ea527786de97d1a0cc0eacd1defc0985dcf6b3f17bb77dcfc8c34bec4dc5", size = 739154 },
    { url = "https://files.pythonhosted.org/packages/95/0f/b8938f1cbd09739c6da569d172531567dbcc9789e0029aa070856f123984/PyYAML-6.0.2-cp312-cp312-manylinux_2_17_s390x.manylinux2014_s390x.whl", hash = "sha256:9b22676e8097e9e22e36d6b7bda33190d0d400f345f23d4065d48f4ca7ae0425", size = 766223 },
    { url = "https://files.pythonhosted.org/packages/b9/2b/614b4752f2e127db5cc206abc23a8c19678e92b23c3db30fc86ab731d3bd/PyYAML-6.0.2-cp312-cp312-manylinux_2_17_x86_64.manylinux2014_x86_64.whl", hash = "sha256:80bab7bfc629882493af4aa31a4cfa43a4c57c83813253626916b8c7ada83476", size = 767542 },
    { url = "https://files.pythonhosted.org/packages/d4/00/dd137d5bcc7efea1836d6264f049359861cf548469d18da90cd8216cf05f/PyYAML-6.0.2-cp312-cp312-musllinux_1_1_aarch64.whl", hash = "sha256:0833f8694549e586547b576dcfaba4a6b55b9e96098b36cdc7ebefe667dfed48", size = 731164 },
    { url = "https://files.pythonhosted.org/packages/c9/1f/4f998c900485e5c0ef43838363ba4a9723ac0ad73a9dc42068b12aaba4e4/PyYAML-6.0.2-cp312-cp312-musllinux_1_1_x86_64.whl", hash = "sha256:8b9c7197f7cb2738065c481a0461e50ad02f18c78cd75775628afb4d7137fb3b", size = 756611 },
    { url = "https://files.pythonhosted.org/packages/df/d1/f5a275fdb252768b7a11ec63585bc38d0e87c9e05668a139fea92b80634c/PyYAML-6.0.2-cp312-cp312-win32.whl", hash = "sha256:ef6107725bd54b262d6dedcc2af448a266975032bc85ef0172c5f059da6325b4", size = 140591 },
    { url = "https://files.pythonhosted.org/packages/0c/e8/4f648c598b17c3d06e8753d7d13d57542b30d56e6c2dedf9c331ae56312e/PyYAML-6.0.2-cp312-cp312-win_amd64.whl", hash = "sha256:7e7401d0de89a9a855c839bc697c079a4af81cf878373abd7dc625847d25cbd8", size = 156338 },
    { url = "https://files.pythonhosted.org/packages/ef/e3/3af305b830494fa85d95f6d95ef7fa73f2ee1cc8ef5b495c7c3269fb835f/PyYAML-6.0.2-cp313-cp313-macosx_10_13_x86_64.whl", hash = "sha256:efdca5630322a10774e8e98e1af481aad470dd62c3170801852d752aa7a783ba", size = 181309 },
    { url = "https://files.pythonhosted.org/packages/45/9f/3b1c20a0b7a3200524eb0076cc027a970d320bd3a6592873c85c92a08731/PyYAML-6.0.2-cp313-cp313-macosx_11_0_arm64.whl", hash = "sha256:50187695423ffe49e2deacb8cd10510bc361faac997de9efef88badc3bb9e2d1", size = 171679 },
    { url = "https://files.pythonhosted.org/packages/7c/9a/337322f27005c33bcb656c655fa78325b730324c78620e8328ae28b64d0c/PyYAML-6.0.2-cp313-cp313-manylinux_2_17_aarch64.manylinux2014_aarch64.whl", hash = "sha256:0ffe8360bab4910ef1b9e87fb812d8bc0a308b0d0eef8c8f44e0254ab3b07133", size = 733428 },
    { url = "https://files.pythonhosted.org/packages/a3/69/864fbe19e6c18ea3cc196cbe5d392175b4cf3d5d0ac1403ec3f2d237ebb5/PyYAML-6.0.2-cp313-cp313-manylinux_2_17_s390x.manylinux2014_s390x.whl", hash = "sha256:17e311b6c678207928d649faa7cb0d7b4c26a0ba73d41e99c4fff6b6c3276484", size = 763361 },
    { url = "https://files.pythonhosted.org/packages/04/24/b7721e4845c2f162d26f50521b825fb061bc0a5afcf9a386840f23ea19fa/PyYAML-6.0.2-cp313-cp313-manylinux_2_17_x86_64.manylinux2014_x86_64.whl", hash = "sha256:70b189594dbe54f75ab3a1acec5f1e3faa7e8cf2f1e08d9b561cb41b845f69d5", size = 759523 },
    { url = "https://files.pythonhosted.org/packages/2b/b2/e3234f59ba06559c6ff63c4e10baea10e5e7df868092bf9ab40e5b9c56b6/PyYAML-6.0.2-cp313-cp313-musllinux_1_1_aarch64.whl", hash = "sha256:41e4e3953a79407c794916fa277a82531dd93aad34e29c2a514c2c0c5fe971cc", size = 726660 },
    { url = "https://files.pythonhosted.org/packages/fe/0f/25911a9f080464c59fab9027482f822b86bf0608957a5fcc6eaac85aa515/PyYAML-6.0.2-cp313-cp313-musllinux_1_1_x86_64.whl", hash = "sha256:68ccc6023a3400877818152ad9a1033e3db8625d899c72eacb5a668902e4d652", size = 751597 },
    { url = "https://files.pythonhosted.org/packages/14/0d/e2c3b43bbce3cf6bd97c840b46088a3031085179e596d4929729d8d68270/PyYAML-6.0.2-cp313-cp313-win32.whl", hash = "sha256:bc2fa7c6b47d6bc618dd7fb02ef6fdedb1090ec036abab80d4681424b84c1183", size = 140527 },
    { url = "https://files.pythonhosted.org/packages/fa/de/02b54f42487e3d3c6efb3f89428677074ca7bf43aae402517bc7cca949f3/PyYAML-6.0.2-cp313-cp313-win_amd64.whl", hash = "sha256:8388ee1976c416731879ac16da0aff3f63b286ffdd57cdeb95f3f2e085687563", size = 156446 },
]

[[package]]
name = "ruff"
version = "0.7.0"
source = { registry = "https://pypi.org/simple" }
sdist = { url = "https://files.pythonhosted.org/packages/2c/c7/f3367d1da5d568192968c5c9e7f3d51fb317b9ac04828493b23d8fce8ce6/ruff-0.7.0.tar.gz", hash = "sha256:47a86360cf62d9cd53ebfb0b5eb0e882193fc191c6d717e8bef4462bc3b9ea2b", size = 3146645 }
wheels = [
    { url = "https://files.pythonhosted.org/packages/48/59/a0275a0913f3539498d116046dd679cd657fe3b7caf5afe1733319414932/ruff-0.7.0-py3-none-linux_armv6l.whl", hash = "sha256:0cdf20c2b6ff98e37df47b2b0bd3a34aaa155f59a11182c1303cce79be715628", size = 10434007 },
    { url = "https://files.pythonhosted.org/packages/cd/94/da0ba5f956d04c90dd899209904210600009dcda039ce840d83eb4298c7d/ruff-0.7.0-py3-none-macosx_10_12_x86_64.whl", hash = "sha256:496494d350c7fdeb36ca4ef1c9f21d80d182423718782222c29b3e72b3512737", size = 10048066 },
    { url = "https://files.pythonhosted.org/packages/57/1d/e5cc149ecc46e4f203403a79ccd170fad52d316f98b87d0f63b1945567db/ruff-0.7.0-py3-none-macosx_11_0_arm64.whl", hash = "sha256:214b88498684e20b6b2b8852c01d50f0651f3cc6118dfa113b4def9f14faaf06", size = 9711389 },
    { url = "https://files.pythonhosted.org/packages/05/67/fb7ea2c869c539725a16c5bc294e9aa34f8b1b6fe702f1d173a5da517c2b/ruff-0.7.0-py3-none-manylinux_2_17_aarch64.manylinux2014_aarch64.whl", hash = "sha256:630fce3fefe9844e91ea5bbf7ceadab4f9981f42b704fae011bb8efcaf5d84be", size = 10755174 },
    { url = "https://files.pythonhosted.org/packages/5f/f0/13703bc50536a0613ea3dce991116e5f0917a1f05528c6ab738b33c08d3f/ruff-0.7.0-py3-none-manylinux_2_17_armv7l.manylinux2014_armv7l.whl", hash = "sha256:211d877674e9373d4bb0f1c80f97a0201c61bcd1e9d045b6e9726adc42c156aa", size = 10196040 },
    { url = "https://files.pythonhosted.org/packages/99/c1/77b04ab20324ab03d333522ee55fb0f1c38e3ca0d326b4905f82ce6b6c70/ruff-0.7.0-py3-none-manylinux_2_17_i686.manylinux2014_i686.whl", hash = "sha256:194d6c46c98c73949a106425ed40a576f52291c12bc21399eb8f13a0f7073495", size = 11033684 },
    { url = "https://files.pythonhosted.org/packages/f2/97/f463334dc4efeea3551cd109163df15561c18a1c3ec13d51643740fd36ba/ruff-0.7.0-py3-none-manylinux_2_17_ppc64.manylinux2014_ppc64.whl", hash = "sha256:82c2579b82b9973a110fab281860403b397c08c403de92de19568f32f7178598", size = 11803700 },
    { url = "https://files.pythonhosted.org/packages/b4/f8/a31d40c4bb92933d376a53e7c5d0245d9b27841357e4820e96d38f54b480/ruff-0.7.0-py3-none-manylinux_2_17_ppc64le.manylinux2014_ppc64le.whl", hash = "sha256:9af971fe85dcd5eaed8f585ddbc6bdbe8c217fb8fcf510ea6bca5bdfff56040e", size = 11347848 },
    { url = "https://files.pythonhosted.org/packages/83/62/0c133b35ddaf91c65c30a56718b80bdef36bfffc35684d29e3a4878e0ea3/ruff-0.7.0-py3-none-manylinux_2_17_s390x.manylinux2014_s390x.whl", hash = "sha256:b641c7f16939b7d24b7bfc0be4102c56562a18281f84f635604e8a6989948914", size = 12480632 },
    { url = "https://files.pythonhosted.org/packages/46/96/464058dd1d980014fb5aa0a1254e78799efb3096fc7a4823cd66a1621276/ruff-0.7.0-py3-none-manylinux_2_17_x86_64.manylinux2014_x86_64.whl", hash = "sha256:d71672336e46b34e0c90a790afeac8a31954fd42872c1f6adaea1dff76fd44f9", size = 10941919 },
    { url = "https://files.pythonhosted.org/packages/a0/f7/bda37ec77986a435dde44e1f59374aebf4282a5fa9cf17735315b847141f/ruff-0.7.0-py3-none-musllinux_1_2_aarch64.whl", hash = "sha256:ab7d98c7eed355166f367597e513a6c82408df4181a937628dbec79abb2a1fe4", size = 10745519 },
    { url = "https://files.pythonhosted.org/packages/c2/33/5f77fc317027c057b61a848020a47442a1cbf12e592df0e41e21f4d0f3bd/ruff-0.7.0-py3-none-musllinux_1_2_armv7l.whl", hash = "sha256:1eb54986f770f49edb14f71d33312d79e00e629a57387382200b1ef12d6a4ef9", size = 10284872 },
    { url = "https://files.pythonhosted.org/packages/ff/50/98aec292bc9537f640b8d031c55f3414bf15b6ed13b3e943fed75ac927b9/ruff-0.7.0-py3-none-musllinux_1_2_i686.whl", hash = "sha256:dc452ba6f2bb9cf8726a84aa877061a2462afe9ae0ea1d411c53d226661c601d", size = 10600334 },
    { url = "https://files.pythonhosted.org/packages/f2/85/12607ae3201423a179b8cfadc7cb1e57d02cd0135e45bd0445acb4cef327/ruff-0.7.0-py3-none-musllinux_1_2_x86_64.whl", hash = "sha256:4b406c2dce5be9bad59f2de26139a86017a517e6bcd2688da515481c05a2cb11", size = 11017333 },
    { url = "https://files.pythonhosted.org/packages/d4/7f/3b85a56879e705d5f46ec14daf8a439fca05c3081720fe3dc3209100922d/ruff-0.7.0-py3-none-win32.whl", hash = "sha256:f6c968509f767776f524a8430426539587d5ec5c662f6addb6aa25bc2e8195ec", size = 8570962 },
    { url = "https://files.pythonhosted.org/packages/39/9f/c5ee2b40d377354dabcc23cff47eb299de4b4d06d345068f8f8cc1eadac8/ruff-0.7.0-py3-none-win_amd64.whl", hash = "sha256:ff4aabfbaaba880e85d394603b9e75d32b0693152e16fa659a3064a85df7fce2", size = 9365544 },
    { url = "https://files.pythonhosted.org/packages/89/8b/ee1509f60148cecba644aa718f6633216784302458340311898aaf0b1bed/ruff-0.7.0-py3-none-win_arm64.whl", hash = "sha256:10842f69c245e78d6adec7e1db0a7d9ddc2fff0621d730e61657b64fa36f207e", size = 8695763 },
]

[[package]]
name = "smmap"
version = "5.0.1"
source = { registry = "https://pypi.org/simple" }
sdist = { url = "https://files.pythonhosted.org/packages/88/04/b5bf6d21dc4041000ccba7eb17dd3055feb237e7ffc2c20d3fae3af62baa/smmap-5.0.1.tar.gz", hash = "sha256:dceeb6c0028fdb6734471eb07c0cd2aae706ccaecab45965ee83f11c8d3b1f62", size = 22291 }
wheels = [
    { url = "https://files.pythonhosted.org/packages/a7/a5/10f97f73544edcdef54409f1d839f6049a0d79df68adbc1ceb24d1aaca42/smmap-5.0.1-py3-none-any.whl", hash = "sha256:e6d8668fa5f93e706934a62d7b4db19c8d9eb8cf2adbb75ef1b675aa332b69da", size = 24282 },
]

[[package]]
name = "sniffio"
version = "1.3.1"
source = { registry = "https://pypi.org/simple" }
sdist = { url = "https://files.pythonhosted.org/packages/a2/87/a6771e1546d97e7e041b6ae58d80074f81b7d5121207425c964ddf5cfdbd/sniffio-1.3.1.tar.gz", hash = "sha256:f4324edc670a0f49750a81b895f35c3adb843cca46f0530f79fc1babb23789dc", size = 20372 }
wheels = [
    { url = "https://files.pythonhosted.org/packages/e9/44/75a9c9421471a6c4805dbf2356f7c181a29c1879239abab1ea2cc8f38b40/sniffio-1.3.1-py3-none-any.whl", hash = "sha256:2f6da418d1f1e0fddd844478f41680e794e6051915791a034ff65e5f100525a2", size = 10235 },
]

[[package]]
name = "tomli-w"
version = "1.1.0"
source = { registry = "https://pypi.org/simple" }
sdist = { url = "https://files.pythonhosted.org/packages/d4/19/b65f1a088ee23e37cdea415b357843eca8b1422a7b11a9eee6e35d4ec273/tomli_w-1.1.0.tar.gz", hash = "sha256:49e847a3a304d516a169a601184932ef0f6b61623fe680f836a2aa7128ed0d33", size = 6929 }
wheels = [
    { url = "https://files.pythonhosted.org/packages/c4/ac/ce90573ba446a9bbe65838ded066a805234d159b4446ae9f8ec5bbd36cbd/tomli_w-1.1.0-py3-none-any.whl", hash = "sha256:1403179c78193e3184bfaade390ddbd071cba48a32a2e62ba11aae47490c63f7", size = 6440 },
]
